{
  "name": "lockfile-fixture",
  "version": "1.0.0",
  "lockfileVersion": 3,
  "requires": true,
  "packages": {
    "": {
      "name": "lockfile-fixture",
      "version": "1.0.0",
      "dependencies": {
        "@acme/util": "^2.0.0",
        "left-pad": "^1.3.0",
        "lodash": "4.17.15"
      }
    },
    "node_modules/@acme/util": {
      "version": "2.0.0",
      "resolved": "https://registry.npmjs.org/@acme/util/-/util-2.0.0.tgz"
    },
    "node_modules/a/node_modules/b": {
      "version": "3.1.0",
      "resolved": "https://registry.npmjs.org/b/-/b-3.1.0.tgz"
    },
    "node_modules/left-pad": {
      "version": "1.3.0",
      "resolved": "https://registry.npmjs.org/left-pad/-/left-pad-1.3.0.tgz"
    },
    "node_modules/linked": {
      "resolved": "packages/linked",
      "link": true
    },
    "node_modules/lodash": {
      "version": "4.17.15",
      "resolved": "https://registry.npmjs.org/lodash/-/lodash-4.17.15.tgz"
    }
  }
}
