# This file is automatically @generated by Poetry and should not be changed by hand.

[[package]]
name = "certifi"
version = "2019.11.28"
description = "Python package for providing Mozilla's CA Bundle."
optional = false
python-versions = "*"

[[package]]
name = "requests"
version = "2.19.0"
description = "Python HTTP for Humans."
optional = false
python-versions = ">=2.7"

[package.dependencies]
certifi = ">=2017.4.17"
urllib3 = ">=1.21.1,<1.24"

[package.source]
type = "legacy"
url = "https://pypi.org/simple"
reference = "name"

[[package]]
name = "Zope_Interface"
version = "4.7.1"
description = "Interfaces for Python"
optional = false

[metadata]
lock-version = "1.1"
content-hash = "3d9c1b5a7e2f4086d1c3b5a7e9f2048c"
